
Microsoft Visual Studio Solution File, Format Version 12.00
# Visual Studio 2013
VisualStudioVersion = 12.0.21005.1
MinimumVisualStudioVersion = 10.0.40219.1
Project("{FAE04EC0-301F-11D3-BF4B-00C04F79EFBC}") = "GuessNumber", "src\GuessNumber\GuessNumber.csproj", "{55D929D8-CB84-4B10-8852-DA3E8D7777FD}"
EndProject
Project("{FAE04EC0-301F-11D3-BF4B-00C04F79EFBC}") = "GuessNumber.Tests", "src\GuessNumber.Tests\GuessNumber.Tests.csproj", "{DB335DDB-F703-411B-8DED-BF0C851E633D}"
EndProject
Global
	GlobalSection(SolutionConfigurationPlatforms) = preSolution
		Debug|Any CPU = Debug|Any CPU
		Release|Any CPU = Release|Any CPU
	EndGlobalSection
	GlobalSection(ProjectConfigurationPlatforms) = postSolution
		{55D929D8-CB84-4B10-8852-DA3E8D7777FD}.Debug|Any CPU.ActiveCfg = Debug|Any CPU
		{55D929D8-CB84-4B10-8852-DA3E8D7777FD}.Debug|Any CPU.Build.0 = Debug|Any CPU
		{55D929D8-CB84-4B10-8852-DA3E8D7777FD}.Release|Any CPU.ActiveCfg = Release|Any CPU
		{55D929D8-CB84-4B10-8852-DA3E8D7777FD}.Release|Any CPU.Build.0 = Release|Any CPU
		{DB335DDB-F703-411B-8DED-BF0C851E633D}.Debug|Any CPU.ActiveCfg = Debug|Any CPU
		{DB335DDB-F703-411B-8DED-BF0C851E633D}.Debug|Any CPU.Build.0 = Debug|Any CPU
		{DB335DDB-F703-411B-8DED-BF0C851E633D}.Release|Any CPU.ActiveCfg = Release|Any CPU
		{DB335DDB-F703-411B-8DED-BF0C851E633D}.Release|Any CPU.Build.0 = Release|Any CPU
	EndGlobalSection
	GlobalSection(SolutionProperties) = preSolution
		HideSolutionNode = FALSE
	EndGlobalSection
EndGlobal
